
Microsoft Visual Studio Solution File, Format Version 12.00
# Visual Studio 15
VisualStudioVersion = 15.0.28307.1585
MinimumVisualStudioVersion = 10.0.40219.1
Project("{FAE04EC0-301F-11D3-BF4B-00C04F79EFBC}") = "DungeonAppFairyTale", "DungeonAppFairyTale\DungeonAppFairyTale.csproj", "{DC72E3D2-AA86-458E-B7BC-E6AB66763024}"
EndProject
Project("{FAE04EC0-301F-11D3-BF4B-00C04F79EFBC}") = "DungeonLibrary", "DungeonLibrary\DungeonLibrary.csproj", "{4183678B-C94D-47FF-B78F-8543713A5E0A}"
EndProject
Global
	GlobalSection(SolutionConfigurationPlatforms) = preSolution
		Debug|Any CPU = Debug|Any CPU
		Release|Any CPU = Release|Any CPU
	EndGlobalSection
	GlobalSection(ProjectConfigurationPlatforms) = postSolution
		{DC72E3D2-AA86-458E-B7BC-E6AB66763024}.Debug|Any CPU.ActiveCfg = Debug|Any CPU
		{DC72E3D2-AA86-458E-B7BC-E6AB66763024}.Debug|Any CPU.Build.0 = Debug|Any CPU
		{DC72E3D2-AA86-458E-B7BC-E6AB66763024}.Release|Any CPU.ActiveCfg = Release|Any CPU
		{DC72E3D2-AA86-458E-B7BC-E6AB66763024}.Release|Any CPU.Build.0 = Release|Any CPU
		{4183678B-C94D-47FF-B78F-8543713A5E0A}.Debug|Any CPU.ActiveCfg = Debug|Any CPU
		{4183678B-C94D-47FF-B78F-8543713A5E0A}.Debug|Any CPU.Build.0 = Debug|Any CPU
		{4183678B-C94D-47FF-B78F-8543713A5E0A}.Release|Any CPU.ActiveCfg = Release|Any CPU
		{4183678B-C94D-47FF-B78F-8543713A5E0A}.Release|Any CPU.Build.0 = Release|Any CPU
	EndGlobalSection
	GlobalSection(SolutionProperties) = preSolution
		HideSolutionNode = FALSE
	EndGlobalSection
	GlobalSection(ExtensibilityGlobals) = postSolution
		SolutionGuid = {E5E1C58A-AA06-4A09-BACA-95C2073610AB}
	EndGlobalSection
EndGlobal
